PODS:
  - Flutter (1.0.0)
  - integration_test (0.0.1):
    - Flutter
  - zim (0.0.1):
    - Flutter
    - ZIM
  - ZIM (2.1.1)

DEPENDENCIES:
  - Flutter (from `Flutter`)
  - integration_test (from `.symlinks/plugins/integration_test/ios`)
  - zim (from `.symlinks/plugins/zim/ios`)

SPEC REPOS:
  trunk:
    - ZIM

EXTERNAL SOURCES:
  Flutter:
    :path: Flutter
  integration_test:
    :path: ".symlinks/plugins/integration_test/ios"
  zim:
    :path: ".symlinks/plugins/zim/ios"

SPEC CHECKSUMS:
  Flutter: 50d75fe2f02b26cc09d224853bb45737f8b3214a
  integration_test: a1e7d09bd98eca2fc37aefd79d4f41ad37bdbbe5
  ZIM: 6a4f294825ac93f16c5101d3e97d211c2d17fa33
  zim: 3ab2dd770a02666818a439bb0ab7ac6b480fce1c

PODFILE CHECKSUM: 8e679eca47255a8ca8067c4c67aab20e64cb974d

COCOAPODS: 1.11.3
