PODS:
  - Flutter (1.0.0)
  - zego_zim (0.9.0):
    - Flutter
    - ZIM (= 2.1.1)
  - ZIM (2.1.1)

DEPENDENCIES:
  - Flutter (from `Flutter`)
  - zego_zim (from `.symlinks/plugins/zego_zim/ios`)

SPEC REPOS:
  trunk:
    - ZIM

EXTERNAL SOURCES:
  Flutter:
    :path: Flutter
  zego_zim:
    :path: ".symlinks/plugins/zego_zim/ios"

SPEC CHECKSUMS:
  Flutter: 50d75fe2f02b26cc09d224853bb45737f8b3214a
  zego_zim: 6b0e42be86caaa51310da49f71237d7013124efc
  ZIM: 6a4f294825ac93f16c5101d3e97d211c2d17fa33

PODFILE CHECKSUM: 8e679eca47255a8ca8067c4c67aab20e64cb974d

COCOAPODS: 1.11.3
